
Microsoft Visual Studio Solution File, Format Version 12.00
# Visual Studio Version 16
VisualStudioVersion = 16.0.29709.97
MinimumVisualStudioVersion = 10.0.40219.1
Project("{FAE04EC0-301F-11D3-BF4B-00C04F79EFBC}") = "TP2_ADO.NET", "TP2_ADO.NET\TP2_ADO.NET.csproj", "{57D44FE7-CD57-4A5B-A1F9-3E7D70BC087B}"
EndProject
Project("{FAE04EC0-301F-11D3-BF4B-00C04F79EFBC}") = "Entidades", "Entidades\Entidades.csproj", "{C40CDA89-E708-418E-83E0-DCA64DBAB4DC}"
EndProject
<<<<<<< HEAD
Project("{FAE04EC0-301F-11D3-BF4B-00C04F79EFBC}") = "IMappers", "Mappers_Interface\IMappers.csproj", "{CFD3975F-E833-4E7B-9ED5-E78160ED04D7}"
	ProjectSection(ProjectDependencies) = postProject
		{C40CDA89-E708-418E-83E0-DCA64DBAB4DC} = {C40CDA89-E708-418E-83E0-DCA64DBAB4DC}
		{57D44FE7-CD57-4A5B-A1F9-3E7D70BC087B} = {57D44FE7-CD57-4A5B-A1F9-3E7D70BC087B}
	EndProjectSection
=======
Project("{FAE04EC0-301F-11D3-BF4B-00C04F79EFBC}") = "Mappers", "Mappers\Mappers.csproj", "{97F0412A-D55D-410B-999C-1D8BB5035F77}"
>>>>>>> 7cd9d669a01ef73b4b20e0bc018b1e1b2eb0cbc4
EndProject
Global
	GlobalSection(SolutionConfigurationPlatforms) = preSolution
		Debug|Any CPU = Debug|Any CPU
		Debug|ARM = Debug|ARM
		Debug|ARM64 = Debug|ARM64
		Debug|x64 = Debug|x64
		Debug|x86 = Debug|x86
		Release|Any CPU = Release|Any CPU
		Release|ARM = Release|ARM
		Release|ARM64 = Release|ARM64
		Release|x64 = Release|x64
		Release|x86 = Release|x86
	EndGlobalSection
	GlobalSection(ProjectConfigurationPlatforms) = postSolution
		{57D44FE7-CD57-4A5B-A1F9-3E7D70BC087B}.Debug|Any CPU.ActiveCfg = Debug|Any CPU
		{57D44FE7-CD57-4A5B-A1F9-3E7D70BC087B}.Debug|Any CPU.Build.0 = Debug|Any CPU
		{57D44FE7-CD57-4A5B-A1F9-3E7D70BC087B}.Debug|ARM.ActiveCfg = Debug|Any CPU
		{57D44FE7-CD57-4A5B-A1F9-3E7D70BC087B}.Debug|ARM.Build.0 = Debug|Any CPU
		{57D44FE7-CD57-4A5B-A1F9-3E7D70BC087B}.Debug|ARM64.ActiveCfg = Debug|Any CPU
		{57D44FE7-CD57-4A5B-A1F9-3E7D70BC087B}.Debug|ARM64.Build.0 = Debug|Any CPU
		{57D44FE7-CD57-4A5B-A1F9-3E7D70BC087B}.Debug|x64.ActiveCfg = Debug|Any CPU
		{57D44FE7-CD57-4A5B-A1F9-3E7D70BC087B}.Debug|x64.Build.0 = Debug|Any CPU
		{57D44FE7-CD57-4A5B-A1F9-3E7D70BC087B}.Debug|x86.ActiveCfg = Debug|Any CPU
		{57D44FE7-CD57-4A5B-A1F9-3E7D70BC087B}.Debug|x86.Build.0 = Debug|Any CPU
		{57D44FE7-CD57-4A5B-A1F9-3E7D70BC087B}.Release|Any CPU.ActiveCfg = Release|Any CPU
		{57D44FE7-CD57-4A5B-A1F9-3E7D70BC087B}.Release|Any CPU.Build.0 = Release|Any CPU
		{57D44FE7-CD57-4A5B-A1F9-3E7D70BC087B}.Release|ARM.ActiveCfg = Release|Any CPU
		{57D44FE7-CD57-4A5B-A1F9-3E7D70BC087B}.Release|ARM.Build.0 = Release|Any CPU
		{57D44FE7-CD57-4A5B-A1F9-3E7D70BC087B}.Release|ARM64.ActiveCfg = Release|Any CPU
		{57D44FE7-CD57-4A5B-A1F9-3E7D70BC087B}.Release|ARM64.Build.0 = Release|Any CPU
		{57D44FE7-CD57-4A5B-A1F9-3E7D70BC087B}.Release|x64.ActiveCfg = Release|Any CPU
		{57D44FE7-CD57-4A5B-A1F9-3E7D70BC087B}.Release|x64.Build.0 = Release|Any CPU
		{57D44FE7-CD57-4A5B-A1F9-3E7D70BC087B}.Release|x86.ActiveCfg = Release|Any CPU
		{57D44FE7-CD57-4A5B-A1F9-3E7D70BC087B}.Release|x86.Build.0 = Release|Any CPU
		{C40CDA89-E708-418E-83E0-DCA64DBAB4DC}.Debug|Any CPU.ActiveCfg = Debug|Any CPU
		{C40CDA89-E708-418E-83E0-DCA64DBAB4DC}.Debug|Any CPU.Build.0 = Debug|Any CPU
		{C40CDA89-E708-418E-83E0-DCA64DBAB4DC}.Debug|ARM.ActiveCfg = Debug|Any CPU
		{C40CDA89-E708-418E-83E0-DCA64DBAB4DC}.Debug|ARM.Build.0 = Debug|Any CPU
		{C40CDA89-E708-418E-83E0-DCA64DBAB4DC}.Debug|ARM64.ActiveCfg = Debug|Any CPU
		{C40CDA89-E708-418E-83E0-DCA64DBAB4DC}.Debug|ARM64.Build.0 = Debug|Any CPU
		{C40CDA89-E708-418E-83E0-DCA64DBAB4DC}.Debug|x64.ActiveCfg = Debug|Any CPU
		{C40CDA89-E708-418E-83E0-DCA64DBAB4DC}.Debug|x64.Build.0 = Debug|Any CPU
		{C40CDA89-E708-418E-83E0-DCA64DBAB4DC}.Debug|x86.ActiveCfg = Debug|Any CPU
		{C40CDA89-E708-418E-83E0-DCA64DBAB4DC}.Debug|x86.Build.0 = Debug|Any CPU
		{C40CDA89-E708-418E-83E0-DCA64DBAB4DC}.Release|Any CPU.ActiveCfg = Release|Any CPU
		{C40CDA89-E708-418E-83E0-DCA64DBAB4DC}.Release|Any CPU.Build.0 = Release|Any CPU
		{C40CDA89-E708-418E-83E0-DCA64DBAB4DC}.Release|ARM.ActiveCfg = Release|Any CPU
		{C40CDA89-E708-418E-83E0-DCA64DBAB4DC}.Release|ARM.Build.0 = Release|Any CPU
		{C40CDA89-E708-418E-83E0-DCA64DBAB4DC}.Release|ARM64.ActiveCfg = Release|Any CPU
		{C40CDA89-E708-418E-83E0-DCA64DBAB4DC}.Release|ARM64.Build.0 = Release|Any CPU
		{C40CDA89-E708-418E-83E0-DCA64DBAB4DC}.Release|x64.ActiveCfg = Release|Any CPU
		{C40CDA89-E708-418E-83E0-DCA64DBAB4DC}.Release|x64.Build.0 = Release|Any CPU
		{C40CDA89-E708-418E-83E0-DCA64DBAB4DC}.Release|x86.ActiveCfg = Release|Any CPU
		{C40CDA89-E708-418E-83E0-DCA64DBAB4DC}.Release|x86.Build.0 = Release|Any CPU
<<<<<<< HEAD
		{CFD3975F-E833-4E7B-9ED5-E78160ED04D7}.Debug|Any CPU.ActiveCfg = Debug|Any CPU
		{CFD3975F-E833-4E7B-9ED5-E78160ED04D7}.Debug|Any CPU.Build.0 = Debug|Any CPU
		{CFD3975F-E833-4E7B-9ED5-E78160ED04D7}.Debug|ARM.ActiveCfg = Debug|Any CPU
		{CFD3975F-E833-4E7B-9ED5-E78160ED04D7}.Debug|ARM.Build.0 = Debug|Any CPU
		{CFD3975F-E833-4E7B-9ED5-E78160ED04D7}.Debug|ARM64.ActiveCfg = Debug|Any CPU
		{CFD3975F-E833-4E7B-9ED5-E78160ED04D7}.Debug|ARM64.Build.0 = Debug|Any CPU
		{CFD3975F-E833-4E7B-9ED5-E78160ED04D7}.Debug|x64.ActiveCfg = Debug|Any CPU
		{CFD3975F-E833-4E7B-9ED5-E78160ED04D7}.Debug|x64.Build.0 = Debug|Any CPU
		{CFD3975F-E833-4E7B-9ED5-E78160ED04D7}.Debug|x86.ActiveCfg = Debug|Any CPU
		{CFD3975F-E833-4E7B-9ED5-E78160ED04D7}.Debug|x86.Build.0 = Debug|Any CPU
		{CFD3975F-E833-4E7B-9ED5-E78160ED04D7}.Release|Any CPU.ActiveCfg = Release|Any CPU
		{CFD3975F-E833-4E7B-9ED5-E78160ED04D7}.Release|Any CPU.Build.0 = Release|Any CPU
		{CFD3975F-E833-4E7B-9ED5-E78160ED04D7}.Release|ARM.ActiveCfg = Release|Any CPU
		{CFD3975F-E833-4E7B-9ED5-E78160ED04D7}.Release|ARM.Build.0 = Release|Any CPU
		{CFD3975F-E833-4E7B-9ED5-E78160ED04D7}.Release|ARM64.ActiveCfg = Release|Any CPU
		{CFD3975F-E833-4E7B-9ED5-E78160ED04D7}.Release|ARM64.Build.0 = Release|Any CPU
		{CFD3975F-E833-4E7B-9ED5-E78160ED04D7}.Release|x64.ActiveCfg = Release|Any CPU
		{CFD3975F-E833-4E7B-9ED5-E78160ED04D7}.Release|x64.Build.0 = Release|Any CPU
		{CFD3975F-E833-4E7B-9ED5-E78160ED04D7}.Release|x86.ActiveCfg = Release|Any CPU
		{CFD3975F-E833-4E7B-9ED5-E78160ED04D7}.Release|x86.Build.0 = Release|Any CPU
=======
		{97F0412A-D55D-410B-999C-1D8BB5035F77}.Debug|Any CPU.ActiveCfg = Debug|Any CPU
		{97F0412A-D55D-410B-999C-1D8BB5035F77}.Debug|Any CPU.Build.0 = Debug|Any CPU
		{97F0412A-D55D-410B-999C-1D8BB5035F77}.Debug|ARM.ActiveCfg = Debug|Any CPU
		{97F0412A-D55D-410B-999C-1D8BB5035F77}.Debug|ARM.Build.0 = Debug|Any CPU
		{97F0412A-D55D-410B-999C-1D8BB5035F77}.Debug|ARM64.ActiveCfg = Debug|Any CPU
		{97F0412A-D55D-410B-999C-1D8BB5035F77}.Debug|ARM64.Build.0 = Debug|Any CPU
		{97F0412A-D55D-410B-999C-1D8BB5035F77}.Debug|x64.ActiveCfg = Debug|Any CPU
		{97F0412A-D55D-410B-999C-1D8BB5035F77}.Debug|x64.Build.0 = Debug|Any CPU
		{97F0412A-D55D-410B-999C-1D8BB5035F77}.Debug|x86.ActiveCfg = Debug|Any CPU
		{97F0412A-D55D-410B-999C-1D8BB5035F77}.Debug|x86.Build.0 = Debug|Any CPU
		{97F0412A-D55D-410B-999C-1D8BB5035F77}.Release|Any CPU.ActiveCfg = Release|Any CPU
		{97F0412A-D55D-410B-999C-1D8BB5035F77}.Release|Any CPU.Build.0 = Release|Any CPU
		{97F0412A-D55D-410B-999C-1D8BB5035F77}.Release|ARM.ActiveCfg = Release|Any CPU
		{97F0412A-D55D-410B-999C-1D8BB5035F77}.Release|ARM.Build.0 = Release|Any CPU
		{97F0412A-D55D-410B-999C-1D8BB5035F77}.Release|ARM64.ActiveCfg = Release|Any CPU
		{97F0412A-D55D-410B-999C-1D8BB5035F77}.Release|ARM64.Build.0 = Release|Any CPU
		{97F0412A-D55D-410B-999C-1D8BB5035F77}.Release|x64.ActiveCfg = Release|Any CPU
		{97F0412A-D55D-410B-999C-1D8BB5035F77}.Release|x64.Build.0 = Release|Any CPU
		{97F0412A-D55D-410B-999C-1D8BB5035F77}.Release|x86.ActiveCfg = Release|Any CPU
		{97F0412A-D55D-410B-999C-1D8BB5035F77}.Release|x86.Build.0 = Release|Any CPU
>>>>>>> 7cd9d669a01ef73b4b20e0bc018b1e1b2eb0cbc4
	EndGlobalSection
	GlobalSection(SolutionProperties) = preSolution
		HideSolutionNode = FALSE
	EndGlobalSection
	GlobalSection(ExtensibilityGlobals) = postSolution
		SolutionGuid = {FB688EB1-3227-45C5-8EC4-351D202A4075}
	EndGlobalSection
EndGlobal
